PODS:
  - MyPackage (1.0.0)

EXTERNAL SOURCES:
  ExternalInterface:
    :path: !ruby/object:Pathname
    path: "../node_modules/MyOtherPackage/ios"

SPEC CHECKSUMS:
  MyPackage: 77fd5fb102a4a5eedafa2c2b0245ceb7b7c15e45
  MyOtherPackage: a9bb76128853e98a9ef6d12b0c8c91debc9bc475


PODFILE CHECKSUM: a8110dc7c367fc529b8b6a1084258784444d62ec

COCOAPODS: 1.7.5
